
Microsoft Visual Studio Solution File, Format Version 12.00
# Visual Studio Version 16
VisualStudioVersion = 16.0.30804.86
MinimumVisualStudioVersion = 10.0.40219.1
Project("{9A19103F-16F7-4668-BE54-9A1E7A4F7556}") = "Cite.EvalIt.Web", "Cite.EvalIt.Web\Cite.EvalIt.Web.csproj", "{AB64BBFC-F521-46DE-97CE-76B3F52BC544}"
EndProject
Project("{9A19103F-16F7-4668-BE54-9A1E7A4F7556}") = "Cite.EvalIt", "Cite.EvalIt\Cite.EvalIt.csproj", "{FDD43A7E-36AD-498D-A97A-7403838AFEEB}"
EndProject
Project("{2150E333-8FDC-42A3-9474-1A3956D46DE8}") = "Solution Items", "Solution Items", "{70D2E109-7856-431D-B651-0E381963C842}"
	ProjectSection(SolutionItems) = preProject
		scrapbook.txt = scrapbook.txt
	EndProjectSection
EndProject
Project("{FAE04EC0-301F-11D3-BF4B-00C04F79EFBC}") = "Cite.EvalIt.Resources", "Cite.EvalIt.Resources\Cite.EvalIt.Resources.csproj", "{4F35A754-3E2A-48E0-9217-9B828FFE4B14}"
EndProject
Global
	GlobalSection(SolutionConfigurationPlatforms) = preSolution
		Debug|Any CPU = Debug|Any CPU
		Release|Any CPU = Release|Any CPU
	EndGlobalSection
	GlobalSection(ProjectConfigurationPlatforms) = postSolution
		{AB64BBFC-F521-46DE-97CE-76B3F52BC544}.Debug|Any CPU.ActiveCfg = Debug|Any CPU
		{AB64BBFC-F521-46DE-97CE-76B3F52BC544}.Debug|Any CPU.Build.0 = Debug|Any CPU
		{AB64BBFC-F521-46DE-97CE-76B3F52BC544}.Release|Any CPU.ActiveCfg = Release|Any CPU
		{AB64BBFC-F521-46DE-97CE-76B3F52BC544}.Release|Any CPU.Build.0 = Release|Any CPU
		{FDD43A7E-36AD-498D-A97A-7403838AFEEB}.Debug|Any CPU.ActiveCfg = Debug|Any CPU
		{FDD43A7E-36AD-498D-A97A-7403838AFEEB}.Debug|Any CPU.Build.0 = Debug|Any CPU
		{FDD43A7E-36AD-498D-A97A-7403838AFEEB}.Release|Any CPU.ActiveCfg = Release|Any CPU
		{FDD43A7E-36AD-498D-A97A-7403838AFEEB}.Release|Any CPU.Build.0 = Release|Any CPU
		{4F35A754-3E2A-48E0-9217-9B828FFE4B14}.Debug|Any CPU.ActiveCfg = Debug|Any CPU
		{4F35A754-3E2A-48E0-9217-9B828FFE4B14}.Debug|Any CPU.Build.0 = Debug|Any CPU
		{4F35A754-3E2A-48E0-9217-9B828FFE4B14}.Release|Any CPU.ActiveCfg = Release|Any CPU
		{4F35A754-3E2A-48E0-9217-9B828FFE4B14}.Release|Any CPU.Build.0 = Release|Any CPU
	EndGlobalSection
	GlobalSection(SolutionProperties) = preSolution
		HideSolutionNode = FALSE
	EndGlobalSection
	GlobalSection(ExtensibilityGlobals) = postSolution
		SolutionGuid = {45644C43-F9A6-47C5-ADBB-3858C9B13E8F}
	EndGlobalSection
EndGlobal
